
Microsoft Visual Studio Solution File, Format Version 12.00
# Visual Studio Version 16
VisualStudioVersion = 16.0.30804.86
MinimumVisualStudioVersion = 10.0.40219.1
Project("{9A19103F-16F7-4668-BE54-9A1E7A4F7556}") = "SMIT.Assignment.NumberSeriesUI", "SMIT.Assignment.NumberSeriesUI\SMIT.Assignment.NumberSeriesUI.csproj", "{BF999BCA-34A3-4EE5-8161-AF085827ACCC}"
EndProject
Project("{9A19103F-16F7-4668-BE54-9A1E7A4F7556}") = "SMIT.Assignment.Numbers", "SMIT.Assignment.NumberSeries\SMIT.Assignment.Numbers.csproj", "{04E17A0C-146D-4C2D-B8BF-76C99A4B48C1}"
EndProject
Global
	GlobalSection(SolutionConfigurationPlatforms) = preSolution
		Debug|Any CPU = Debug|Any CPU
		Release|Any CPU = Release|Any CPU
	EndGlobalSection
	GlobalSection(ProjectConfigurationPlatforms) = postSolution
		{BF999BCA-34A3-4EE5-8161-AF085827ACCC}.Debug|Any CPU.ActiveCfg = Debug|Any CPU
		{BF999BCA-34A3-4EE5-8161-AF085827ACCC}.Debug|Any CPU.Build.0 = Debug|Any CPU
		{BF999BCA-34A3-4EE5-8161-AF085827ACCC}.Release|Any CPU.ActiveCfg = Release|Any CPU
		{BF999BCA-34A3-4EE5-8161-AF085827ACCC}.Release|Any CPU.Build.0 = Release|Any CPU
		{04E17A0C-146D-4C2D-B8BF-76C99A4B48C1}.Debug|Any CPU.ActiveCfg = Debug|Any CPU
		{04E17A0C-146D-4C2D-B8BF-76C99A4B48C1}.Debug|Any CPU.Build.0 = Debug|Any CPU
		{04E17A0C-146D-4C2D-B8BF-76C99A4B48C1}.Release|Any CPU.ActiveCfg = Release|Any CPU
		{04E17A0C-146D-4C2D-B8BF-76C99A4B48C1}.Release|Any CPU.Build.0 = Release|Any CPU
	EndGlobalSection
	GlobalSection(SolutionProperties) = preSolution
		HideSolutionNode = FALSE
	EndGlobalSection
	GlobalSection(ExtensibilityGlobals) = postSolution
		SolutionGuid = {55A813EE-4BA8-4ADA-A515-1E69E9FEA22D}
	EndGlobalSection
EndGlobal
